{
  "nodes": {
    "nixpkgs": {
      "locked": {
        "lastModified": 1643395644,
        "narHash": "sha256-nETvmStCE1PxyQOUlYJX2POgKAJZydy0oqibWPNGAok=",
        "owner": "nixos",
        "repo": "nixpkgs",
        "rev": "5b958f0c226edd2a90d1f776cd7db0fdf47276e3",
        "type": "github"
      },
      "original": {
        "owner": "nixos",
        "repo": "nixpkgs",
        "type": "github"
      }
    },
    "root": {
      "inputs": {
        "nixpkgs": "nixpkgs"
      }
    }
  },
  "root": "root",
  "version": 7
}
